
Microsoft Visual Studio Solution File, Format Version 12.00
# Visual Studio Version 17
VisualStudioVersion = 17.0.31903.59
MinimumVisualStudioVersion = 10.0.40219.1
Project("{2150E333-8FDC-42A3-9474-1A3956D46DE8}") = "src", "src", "{27C4E4DB-6E81-4242-BF61-8F82ED403BA7}"
EndProject
Project("{FAE04EC0-301F-11D3-BF4B-00C04F79EFBC}") = "PhotoCompress.App", "src\PhotoCompress.App\PhotoCompress.App.csproj", "{61A0939D-31E2-451B-A458-B9A60B590EF9}"
EndProject
Project("{FAE04EC0-301F-11D3-BF4B-00C04F79EFBC}") = "PhotoCompress.Core", "src\PhotoCompress.Core\PhotoCompress.Core.csproj", "{43BD8947-66BB-4697-8AB0-ABD1E34E373E}"
EndProject
Global
	GlobalSection(SolutionConfigurationPlatforms) = preSolution
		Debug|Any CPU = Debug|Any CPU
		Release|Any CPU = Release|Any CPU
	EndGlobalSection
	GlobalSection(SolutionProperties) = preSolution
		HideSolutionNode = FALSE
	EndGlobalSection
	GlobalSection(ProjectConfigurationPlatforms) = postSolution
		{61A0939D-31E2-451B-A458-B9A60B590EF9}.Debug|Any CPU.ActiveCfg = Debug|Any CPU
		{61A0939D-31E2-451B-A458-B9A60B590EF9}.Debug|Any CPU.Build.0 = Debug|Any CPU
		{61A0939D-31E2-451B-A458-B9A60B590EF9}.Release|Any CPU.ActiveCfg = Release|Any CPU
		{61A0939D-31E2-451B-A458-B9A60B590EF9}.Release|Any CPU.Build.0 = Release|Any CPU
		{43BD8947-66BB-4697-8AB0-ABD1E34E373E}.Debug|Any CPU.ActiveCfg = Debug|Any CPU
		{43BD8947-66BB-4697-8AB0-ABD1E34E373E}.Debug|Any CPU.Build.0 = Debug|Any CPU
		{43BD8947-66BB-4697-8AB0-ABD1E34E373E}.Release|Any CPU.ActiveCfg = Release|Any CPU
		{43BD8947-66BB-4697-8AB0-ABD1E34E373E}.Release|Any CPU.Build.0 = Release|Any CPU
	EndGlobalSection
	GlobalSection(NestedProjects) = preSolution
		{61A0939D-31E2-451B-A458-B9A60B590EF9} = {27C4E4DB-6E81-4242-BF61-8F82ED403BA7}
		{43BD8947-66BB-4697-8AB0-ABD1E34E373E} = {27C4E4DB-6E81-4242-BF61-8F82ED403BA7}
	EndGlobalSection
EndGlobal
